
Microsoft Visual Studio Solution File, Format Version 12.00
# Visual Studio Version 17
VisualStudioVersion = 17.10.35013.160
MinimumVisualStudioVersion = 10.0.40219.1
Project("{2150E333-8FDC-42A3-9474-1A3956D46DE8}") = "Services", "Services", "{8D6EBF0B-56FF-4982-8CF3-33DC21377779}"
EndProject
Project("{2150E333-8FDC-42A3-9474-1A3956D46DE8}") = "Catalog", "Catalog", "{B023A54B-7475-46AF-9970-F655B904213F}"
EndProject
Project("{9A19103F-16F7-4668-BE54-9A1E7A4F7556}") = "Catalog.API", "Services\Catalog\Catalog.API\Catalog.API.csproj", "{576E54D2-887D-42D9-B68A-07E15552E18E}"
EndProject
Project("{2150E333-8FDC-42A3-9474-1A3956D46DE8}") = "BuildingBlocks", "BuildingBlocks", "{14A88F6E-2156-419B-B868-2DB7BEDCC290}"
EndProject
Project("{9A19103F-16F7-4668-BE54-9A1E7A4F7556}") = "BuildingBlocks", "BuildingBlocks\BuildingBlocks\BuildingBlocks.csproj", "{BA99A4A3-D869-4A8F-A4AA-CC28FF2A0477}"
EndProject
Project("{E53339B2-1760-4266-BCC7-CA923CBCF16C}") = "docker-compose", "docker-compose.dcproj", "{F129EC99-7795-4A35-AD69-6AC10CE15334}"
EndProject
Project("{2150E333-8FDC-42A3-9474-1A3956D46DE8}") = "Basket", "Basket", "{FB659E6D-63F3-46AD-8E3A-FA7673AD9E14}"
EndProject
Project("{9A19103F-16F7-4668-BE54-9A1E7A4F7556}") = "Basket.API", "Services\Basket\Basket.API\Basket.API.csproj", "{52E7ADA8-F8E4-4231-8659-1313368724F0}"
EndProject
Project("{2150E333-8FDC-42A3-9474-1A3956D46DE8}") = "Discount", "Discount", "{A50A6D08-9B17-4A9E-86A6-3769512A953A}"
EndProject
Project("{FAE04EC0-301F-11D3-BF4B-00C04F79EFBC}") = "Discount.Grpc", "Services\Discount\Discount.Grpc\Discount.Grpc.csproj", "{B7DE9A44-7B32-4486-9EE7-86866DD63D36}"
EndProject
Global
	GlobalSection(SolutionConfigurationPlatforms) = preSolution
		Debug|Any CPU = Debug|Any CPU
		Release|Any CPU = Release|Any CPU
	EndGlobalSection
	GlobalSection(ProjectConfigurationPlatforms) = postSolution
		{576E54D2-887D-42D9-B68A-07E15552E18E}.Debug|Any CPU.ActiveCfg = Debug|Any CPU
		{576E54D2-887D-42D9-B68A-07E15552E18E}.Debug|Any CPU.Build.0 = Debug|Any CPU
		{576E54D2-887D-42D9-B68A-07E15552E18E}.Release|Any CPU.ActiveCfg = Release|Any CPU
		{576E54D2-887D-42D9-B68A-07E15552E18E}.Release|Any CPU.Build.0 = Release|Any CPU
		{BA99A4A3-D869-4A8F-A4AA-CC28FF2A0477}.Debug|Any CPU.ActiveCfg = Debug|Any CPU
		{BA99A4A3-D869-4A8F-A4AA-CC28FF2A0477}.Debug|Any CPU.Build.0 = Debug|Any CPU
		{BA99A4A3-D869-4A8F-A4AA-CC28FF2A0477}.Release|Any CPU.ActiveCfg = Release|Any CPU
		{BA99A4A3-D869-4A8F-A4AA-CC28FF2A0477}.Release|Any CPU.Build.0 = Release|Any CPU
		{F129EC99-7795-4A35-AD69-6AC10CE15334}.Debug|Any CPU.ActiveCfg = Debug|Any CPU
		{F129EC99-7795-4A35-AD69-6AC10CE15334}.Debug|Any CPU.Build.0 = Debug|Any CPU
		{F129EC99-7795-4A35-AD69-6AC10CE15334}.Release|Any CPU.ActiveCfg = Release|Any CPU
		{F129EC99-7795-4A35-AD69-6AC10CE15334}.Release|Any CPU.Build.0 = Release|Any CPU
		{52E7ADA8-F8E4-4231-8659-1313368724F0}.Debug|Any CPU.ActiveCfg = Debug|Any CPU
		{52E7ADA8-F8E4-4231-8659-1313368724F0}.Debug|Any CPU.Build.0 = Debug|Any CPU
		{52E7ADA8-F8E4-4231-8659-1313368724F0}.Release|Any CPU.ActiveCfg = Release|Any CPU
		{52E7ADA8-F8E4-4231-8659-1313368724F0}.Release|Any CPU.Build.0 = Release|Any CPU
		{B7DE9A44-7B32-4486-9EE7-86866DD63D36}.Debug|Any CPU.ActiveCfg = Debug|Any CPU
		{B7DE9A44-7B32-4486-9EE7-86866DD63D36}.Debug|Any CPU.Build.0 = Debug|Any CPU
		{B7DE9A44-7B32-4486-9EE7-86866DD63D36}.Release|Any CPU.ActiveCfg = Release|Any CPU
		{B7DE9A44-7B32-4486-9EE7-86866DD63D36}.Release|Any CPU.Build.0 = Release|Any CPU
	EndGlobalSection
	GlobalSection(SolutionProperties) = preSolution
		HideSolutionNode = FALSE
	EndGlobalSection
	GlobalSection(NestedProjects) = preSolution
		{B023A54B-7475-46AF-9970-F655B904213F} = {8D6EBF0B-56FF-4982-8CF3-33DC21377779}
		{576E54D2-887D-42D9-B68A-07E15552E18E} = {B023A54B-7475-46AF-9970-F655B904213F}
		{BA99A4A3-D869-4A8F-A4AA-CC28FF2A0477} = {14A88F6E-2156-419B-B868-2DB7BEDCC290}
		{FB659E6D-63F3-46AD-8E3A-FA7673AD9E14} = {8D6EBF0B-56FF-4982-8CF3-33DC21377779}
		{52E7ADA8-F8E4-4231-8659-1313368724F0} = {FB659E6D-63F3-46AD-8E3A-FA7673AD9E14}
		{A50A6D08-9B17-4A9E-86A6-3769512A953A} = {8D6EBF0B-56FF-4982-8CF3-33DC21377779}
		{B7DE9A44-7B32-4486-9EE7-86866DD63D36} = {A50A6D08-9B17-4A9E-86A6-3769512A953A}
	EndGlobalSection
	GlobalSection(ExtensibilityGlobals) = postSolution
		SolutionGuid = {164CBD6D-7F4F-4E39-9526-EAD0B57590C6}
	EndGlobalSection
EndGlobal
